
Microsoft Visual Studio Solution File, Format Version 12.00
# Visual Studio Version 16
VisualStudioVersion = 16.0.29009.5
MinimumVisualStudioVersion = 10.0.40219.1
Project("{FAE04EC0-301F-11D3-BF4B-00C04F79EFBC}") = "CP1.Android", "CP1\CP1.Android\CP1.Android.csproj", "{6B0C3391-9B33-4AE3-9808-969B5F8966B4}"
EndProject
Project("{FAE04EC0-301F-11D3-BF4B-00C04F79EFBC}") = "CP1.iOS", "CP1\CP1.iOS\CP1.iOS.csproj", "{78E5D0FD-462D-42E7-954F-66FD4CFCC582}"
EndProject
Project("{FAE04EC0-301F-11D3-BF4B-00C04F79EFBC}") = "CP1.UWP", "CP1\CP1.UWP\CP1.UWP.csproj", "{B7566966-3FBA-48CC-90F6-214D323B1B2A}"
EndProject
Project("{FAE04EC0-301F-11D3-BF4B-00C04F79EFBC}") = "CP1", "CP1Change\CP1.csproj", "{89AC0FDC-7915-4A81-B280-D988F065BE27}"
EndProject
Global
	GlobalSection(SharedMSBuildProjectFiles) = preSolution
		CP1\CP1\CP1.projitems*{78e5d0fd-462d-42e7-954f-66fd4cfcc582}*SharedItemsImports = 4
		CP1\CP1\CP1.projitems*{b7566966-3fba-48cc-90f6-214d323b1b2a}*SharedItemsImports = 4
	EndGlobalSection
	GlobalSection(SolutionConfigurationPlatforms) = preSolution
		Ad-Hoc|Any CPU = Ad-Hoc|Any CPU
		Ad-Hoc|ARM = Ad-Hoc|ARM
		Ad-Hoc|iPhone = Ad-Hoc|iPhone
		Ad-Hoc|iPhoneSimulator = Ad-Hoc|iPhoneSimulator
		Ad-Hoc|x64 = Ad-Hoc|x64
		Ad-Hoc|x86 = Ad-Hoc|x86
		AppStore|Any CPU = AppStore|Any CPU
		AppStore|ARM = AppStore|ARM
		AppStore|iPhone = AppStore|iPhone
		AppStore|iPhoneSimulator = AppStore|iPhoneSimulator
		AppStore|x64 = AppStore|x64
		AppStore|x86 = AppStore|x86
		Debug|Any CPU = Debug|Any CPU
		Debug|ARM = Debug|ARM
		Debug|iPhone = Debug|iPhone
		Debug|iPhoneSimulator = Debug|iPhoneSimulator
		Debug|x64 = Debug|x64
		Debug|x86 = Debug|x86
		Release|Any CPU = Release|Any CPU
		Release|ARM = Release|ARM
		Release|iPhone = Release|iPhone
		Release|iPhoneSimulator = Release|iPhoneSimulator
		Release|x64 = Release|x64
		Release|x86 = Release|x86
	EndGlobalSection
	GlobalSection(ProjectConfigurationPlatforms) = postSolution
		{6B0C3391-9B33-4AE3-9808-969B5F8966B4}.Ad-Hoc|Any CPU.ActiveCfg = Release|Any CPU
		{6B0C3391-9B33-4AE3-9808-969B5F8966B4}.Ad-Hoc|Any CPU.Build.0 = Release|Any CPU
		{6B0C3391-9B33-4AE3-9808-969B5F8966B4}.Ad-Hoc|Any CPU.Deploy.0 = Release|Any CPU
		{6B0C3391-9B33-4AE3-9808-969B5F8966B4}.Ad-Hoc|ARM.ActiveCfg = Release|Any CPU
		{6B0C3391-9B33-4AE3-9808-969B5F8966B4}.Ad-Hoc|ARM.Build.0 = Release|Any CPU
		{6B0C3391-9B33-4AE3-9808-969B5F8966B4}.Ad-Hoc|ARM.Deploy.0 = Release|Any CPU
		{6B0C3391-9B33-4AE3-9808-969B5F8966B4}.Ad-Hoc|iPhone.ActiveCfg = Release|Any CPU
		{6B0C3391-9B33-4AE3-9808-969B5F8966B4}.Ad-Hoc|iPhone.Build.0 = Release|Any CPU
		{6B0C3391-9B33-4AE3-9808-969B5F8966B4}.Ad-Hoc|iPhone.Deploy.0 = Release|Any CPU
		{6B0C3391-9B33-4AE3-9808-969B5F8966B4}.Ad-Hoc|iPhoneSimulator.ActiveCfg = Release|Any CPU
		{6B0C3391-9B33-4AE3-9808-969B5F8966B4}.Ad-Hoc|iPhoneSimulator.Build.0 = Release|Any CPU
		{6B0C3391-9B33-4AE3-9808-969B5F8966B4}.Ad-Hoc|iPhoneSimulator.Deploy.0 = Release|Any CPU
		{6B0C3391-9B33-4AE3-9808-969B5F8966B4}.Ad-Hoc|x64.ActiveCfg = Release|Any CPU
		{6B0C3391-9B33-4AE3-9808-969B5F8966B4}.Ad-Hoc|x64.Build.0 = Release|Any CPU
		{6B0C3391-9B33-4AE3-9808-969B5F8966B4}.Ad-Hoc|x64.Deploy.0 = Release|Any CPU
		{6B0C3391-9B33-4AE3-9808-969B5F8966B4}.Ad-Hoc|x86.ActiveCfg = Release|Any CPU
		{6B0C3391-9B33-4AE3-9808-969B5F8966B4}.Ad-Hoc|x86.Build.0 = Release|Any CPU
		{6B0C3391-9B33-4AE3-9808-969B5F8966B4}.Ad-Hoc|x86.Deploy.0 = Release|Any CPU
		{6B0C3391-9B33-4AE3-9808-969B5F8966B4}.AppStore|Any CPU.ActiveCfg = Release|Any CPU
		{6B0C3391-9B33-4AE3-9808-969B5F8966B4}.AppStore|Any CPU.Build.0 = Release|Any CPU
		{6B0C3391-9B33-4AE3-9808-969B5F8966B4}.AppStore|Any CPU.Deploy.0 = Release|Any CPU
		{6B0C3391-9B33-4AE3-9808-969B5F8966B4}.AppStore|ARM.ActiveCfg = Release|Any CPU
		{6B0C3391-9B33-4AE3-9808-969B5F8966B4}.AppStore|ARM.Build.0 = Release|Any CPU
		{6B0C3391-9B33-4AE3-9808-969B5F8966B4}.AppStore|ARM.Deploy.0 = Release|Any CPU
		{6B0C3391-9B33-4AE3-9808-969B5F8966B4}.AppStore|iPhone.ActiveCfg = Release|Any CPU
		{6B0C3391-9B33-4AE3-9808-969B5F8966B4}.AppStore|iPhone.Build.0 = Release|Any CPU
		{6B0C3391-9B33-4AE3-9808-969B5F8966B4}.AppStore|iPhone.Deploy.0 = Release|Any CPU
		{6B0C3391-9B33-4AE3-9808-969B5F8966B4}.AppStore|iPhoneSimulator.ActiveCfg = Release|Any CPU
		{6B0C3391-9B33-4AE3-9808-969B5F8966B4}.AppStore|iPhoneSimulator.Build.0 = Release|Any CPU
		{6B0C3391-9B33-4AE3-9808-969B5F8966B4}.AppStore|iPhoneSimulator.Deploy.0 = Release|Any CPU
		{6B0C3391-9B33-4AE3-9808-969B5F8966B4}.AppStore|x64.ActiveCfg = Release|Any CPU
		{6B0C3391-9B33-4AE3-9808-969B5F8966B4}.AppStore|x64.Build.0 = Release|Any CPU
		{6B0C3391-9B33-4AE3-9808-969B5F8966B4}.AppStore|x64.Deploy.0 = Release|Any CPU
		{6B0C3391-9B33-4AE3-9808-969B5F8966B4}.AppStore|x86.ActiveCfg = Release|Any CPU
		{6B0C3391-9B33-4AE3-9808-969B5F8966B4}.AppStore|x86.Build.0 = Release|Any CPU
		{6B0C3391-9B33-4AE3-9808-969B5F8966B4}.AppStore|x86.Deploy.0 = Release|Any CPU
		{6B0C3391-9B33-4AE3-9808-969B5F8966B4}.Debug|Any CPU.ActiveCfg = Debug|Any CPU
		{6B0C3391-9B33-4AE3-9808-969B5F8966B4}.Debug|Any CPU.Build.0 = Debug|Any CPU
		{6B0C3391-9B33-4AE3-9808-969B5F8966B4}.Debug|Any CPU.Deploy.0 = Debug|Any CPU
		{6B0C3391-9B33-4AE3-9808-969B5F8966B4}.Debug|ARM.ActiveCfg = Debug|Any CPU
		{6B0C3391-9B33-4AE3-9808-969B5F8966B4}.Debug|ARM.Build.0 = Debug|Any CPU
		{6B0C3391-9B33-4AE3-9808-969B5F8966B4}.Debug|ARM.Deploy.0 = Debug|Any CPU
		{6B0C3391-9B33-4AE3-9808-969B5F8966B4}.Debug|iPhone.ActiveCfg = Debug|Any CPU
		{6B0C3391-9B33-4AE3-9808-969B5F8966B4}.Debug|iPhone.Build.0 = Debug|Any CPU
		{6B0C3391-9B33-4AE3-9808-969B5F8966B4}.Debug|iPhone.Deploy.0 = Debug|Any CPU
		{6B0C3391-9B33-4AE3-9808-969B5F8966B4}.Debug|iPhoneSimulator.ActiveCfg = Debug|Any CPU
		{6B0C3391-9B33-4AE3-9808-969B5F8966B4}.Debug|iPhoneSimulator.Build.0 = Debug|Any CPU
		{6B0C3391-9B33-4AE3-9808-969B5F8966B4}.Debug|iPhoneSimulator.Deploy.0 = Debug|Any CPU
		{6B0C3391-9B33-4AE3-9808-969B5F8966B4}.Debug|x64.ActiveCfg = Debug|Any CPU
		{6B0C3391-9B33-4AE3-9808-969B5F8966B4}.Debug|x64.Build.0 = Debug|Any CPU
		{6B0C3391-9B33-4AE3-9808-969B5F8966B4}.Debug|x64.Deploy.0 = Debug|Any CPU
		{6B0C3391-9B33-4AE3-9808-969B5F8966B4}.Debug|x86.ActiveCfg = Debug|Any CPU
		{6B0C3391-9B33-4AE3-9808-969B5F8966B4}.Debug|x86.Build.0 = Debug|Any CPU
		{6B0C3391-9B33-4AE3-9808-969B5F8966B4}.Debug|x86.Deploy.0 = Debug|Any CPU
		{6B0C3391-9B33-4AE3-9808-969B5F8966B4}.Release|Any CPU.ActiveCfg = Release|Any CPU
		{6B0C3391-9B33-4AE3-9808-969B5F8966B4}.Release|Any CPU.Build.0 = Release|Any CPU
		{6B0C3391-9B33-4AE3-9808-969B5F8966B4}.Release|Any CPU.Deploy.0 = Release|Any CPU
		{6B0C3391-9B33-4AE3-9808-969B5F8966B4}.Release|ARM.ActiveCfg = Release|Any CPU
		{6B0C3391-9B33-4AE3-9808-969B5F8966B4}.Release|ARM.Build.0 = Release|Any CPU
		{6B0C3391-9B33-4AE3-9808-969B5F8966B4}.Release|ARM.Deploy.0 = Release|Any CPU
		{6B0C3391-9B33-4AE3-9808-969B5F8966B4}.Release|iPhone.ActiveCfg = Release|Any CPU
		{6B0C3391-9B33-4AE3-9808-969B5F8966B4}.Release|iPhone.Build.0 = Release|Any CPU
		{6B0C3391-9B33-4AE3-9808-969B5F8966B4}.Release|iPhone.Deploy.0 = Release|Any CPU
		{6B0C3391-9B33-4AE3-9808-969B5F8966B4}.Release|iPhoneSimulator.ActiveCfg = Release|Any CPU
		{6B0C3391-9B33-4AE3-9808-969B5F8966B4}.Release|iPhoneSimulator.Build.0 = Release|Any CPU
		{6B0C3391-9B33-4AE3-9808-969B5F8966B4}.Release|iPhoneSimulator.Deploy.0 = Release|Any CPU
		{6B0C3391-9B33-4AE3-9808-969B5F8966B4}.Release|x64.ActiveCfg = Release|Any CPU
		{6B0C3391-9B33-4AE3-9808-969B5F8966B4}.Release|x64.Build.0 = Release|Any CPU
		{6B0C3391-9B33-4AE3-9808-969B5F8966B4}.Release|x64.Deploy.0 = Release|Any CPU
		{6B0C3391-9B33-4AE3-9808-969B5F8966B4}.Release|x86.ActiveCfg = Release|Any CPU
		{6B0C3391-9B33-4AE3-9808-969B5F8966B4}.Release|x86.Build.0 = Release|Any CPU
		{6B0C3391-9B33-4AE3-9808-969B5F8966B4}.Release|x86.Deploy.0 = Release|Any CPU
		{78E5D0FD-462D-42E7-954F-66FD4CFCC582}.Ad-Hoc|Any CPU.ActiveCfg = Ad-Hoc|iPhone
		{78E5D0FD-462D-42E7-954F-66FD4CFCC582}.Ad-Hoc|Any CPU.Build.0 = Ad-Hoc|iPhone
		{78E5D0FD-462D-42E7-954F-66FD4CFCC582}.Ad-Hoc|Any CPU.Deploy.0 = Ad-Hoc|iPhone
		{78E5D0FD-462D-42E7-954F-66FD4CFCC582}.Ad-Hoc|ARM.ActiveCfg = Ad-Hoc|iPhone
		{78E5D0FD-462D-42E7-954F-66FD4CFCC582}.Ad-Hoc|ARM.Build.0 = Ad-Hoc|iPhone
		{78E5D0FD-462D-42E7-954F-66FD4CFCC582}.Ad-Hoc|ARM.Deploy.0 = Ad-Hoc|iPhone
		{78E5D0FD-462D-42E7-954F-66FD4CFCC582}.Ad-Hoc|iPhone.ActiveCfg = Ad-Hoc|iPhone
		{78E5D0FD-462D-42E7-954F-66FD4CFCC582}.Ad-Hoc|iPhone.Build.0 = Ad-Hoc|iPhone
		{78E5D0FD-462D-42E7-954F-66FD4CFCC582}.Ad-Hoc|iPhone.Deploy.0 = Ad-Hoc|iPhone
		{78E5D0FD-462D-42E7-954F-66FD4CFCC582}.Ad-Hoc|iPhoneSimulator.ActiveCfg = Ad-Hoc|iPhoneSimulator
		{78E5D0FD-462D-42E7-954F-66FD4CFCC582}.Ad-Hoc|iPhoneSimulator.Build.0 = Ad-Hoc|iPhoneSimulator
		{78E5D0FD-462D-42E7-954F-66FD4CFCC582}.Ad-Hoc|iPhoneSimulator.Deploy.0 = Ad-Hoc|iPhoneSimulator
		{78E5D0FD-462D-42E7-954F-66FD4CFCC582}.Ad-Hoc|x64.ActiveCfg = Ad-Hoc|iPhone
		{78E5D0FD-462D-42E7-954F-66FD4CFCC582}.Ad-Hoc|x64.Build.0 = Ad-Hoc|iPhone
		{78E5D0FD-462D-42E7-954F-66FD4CFCC582}.Ad-Hoc|x64.Deploy.0 = Ad-Hoc|iPhone
		{78E5D0FD-462D-42E7-954F-66FD4CFCC582}.Ad-Hoc|x86.ActiveCfg = Ad-Hoc|iPhone
		{78E5D0FD-462D-42E7-954F-66FD4CFCC582}.Ad-Hoc|x86.Build.0 = Ad-Hoc|iPhone
		{78E5D0FD-462D-42E7-954F-66FD4CFCC582}.Ad-Hoc|x86.Deploy.0 = Ad-Hoc|iPhone
		{78E5D0FD-462D-42E7-954F-66FD4CFCC582}.AppStore|Any CPU.ActiveCfg = AppStore|iPhone
		{78E5D0FD-462D-42E7-954F-66FD4CFCC582}.AppStore|Any CPU.Build.0 = AppStore|iPhone
		{78E5D0FD-462D-42E7-954F-66FD4CFCC582}.AppStore|Any CPU.Deploy.0 = AppStore|iPhone
		{78E5D0FD-462D-42E7-954F-66FD4CFCC582}.AppStore|ARM.ActiveCfg = AppStore|iPhone
		{78E5D0FD-462D-42E7-954F-66FD4CFCC582}.AppStore|ARM.Build.0 = AppStore|iPhone
		{78E5D0FD-462D-42E7-954F-66FD4CFCC582}.AppStore|ARM.Deploy.0 = AppStore|iPhone
		{78E5D0FD-462D-42E7-954F-66FD4CFCC582}.AppStore|iPhone.ActiveCfg = AppStore|iPhone
		{78E5D0FD-462D-42E7-954F-66FD4CFCC582}.AppStore|iPhone.Build.0 = AppStore|iPhone
		{78E5D0FD-462D-42E7-954F-66FD4CFCC582}.AppStore|iPhone.Deploy.0 = AppStore|iPhone
		{78E5D0FD-462D-42E7-954F-66FD4CFCC582}.AppStore|iPhoneSimulator.ActiveCfg = AppStore|iPhoneSimulator
		{78E5D0FD-462D-42E7-954F-66FD4CFCC582}.AppStore|iPhoneSimulator.Build.0 = AppStore|iPhoneSimulator
		{78E5D0FD-462D-42E7-954F-66FD4CFCC582}.AppStore|iPhoneSimulator.Deploy.0 = AppStore|iPhoneSimulator
		{78E5D0FD-462D-42E7-954F-66FD4CFCC582}.AppStore|x64.ActiveCfg = AppStore|iPhone
		{78E5D0FD-462D-42E7-954F-66FD4CFCC582}.AppStore|x64.Build.0 = AppStore|iPhone
		{78E5D0FD-462D-42E7-954F-66FD4CFCC582}.AppStore|x64.Deploy.0 = AppStore|iPhone
		{78E5D0FD-462D-42E7-954F-66FD4CFCC582}.AppStore|x86.ActiveCfg = AppStore|iPhone
		{78E5D0FD-462D-42E7-954F-66FD4CFCC582}.AppStore|x86.Build.0 = AppStore|iPhone
		{78E5D0FD-462D-42E7-954F-66FD4CFCC582}.AppStore|x86.Deploy.0 = AppStore|iPhone
		{78E5D0FD-462D-42E7-954F-66FD4CFCC582}.Debug|Any CPU.ActiveCfg = Debug|iPhoneSimulator
		{78E5D0FD-462D-42E7-954F-66FD4CFCC582}.Debug|Any CPU.Build.0 = Debug|iPhoneSimulator
		{78E5D0FD-462D-42E7-954F-66FD4CFCC582}.Debug|Any CPU.Deploy.0 = Debug|iPhoneSimulator
		{78E5D0FD-462D-42E7-954F-66FD4CFCC582}.Debug|ARM.ActiveCfg = Debug|iPhone
		{78E5D0FD-462D-42E7-954F-66FD4CFCC582}.Debug|ARM.Build.0 = Debug|iPhone
		{78E5D0FD-462D-42E7-954F-66FD4CFCC582}.Debug|ARM.Deploy.0 = Debug|iPhone
		{78E5D0FD-462D-42E7-954F-66FD4CFCC582}.Debug|iPhone.ActiveCfg = Debug|iPhone
		{78E5D0FD-462D-42E7-954F-66FD4CFCC582}.Debug|iPhone.Build.0 = Debug|iPhone
		{78E5D0FD-462D-42E7-954F-66FD4CFCC582}.Debug|iPhone.Deploy.0 = Debug|iPhone
		{78E5D0FD-462D-42E7-954F-66FD4CFCC582}.Debug|iPhoneSimulator.ActiveCfg = Debug|iPhoneSimulator
		{78E5D0FD-462D-42E7-954F-66FD4CFCC582}.Debug|iPhoneSimulator.Build.0 = Debug|iPhoneSimulator
		{78E5D0FD-462D-42E7-954F-66FD4CFCC582}.Debug|iPhoneSimulator.Deploy.0 = Debug|iPhoneSimulator
		{78E5D0FD-462D-42E7-954F-66FD4CFCC582}.Debug|x64.ActiveCfg = Debug|iPhone
		{78E5D0FD-462D-42E7-954F-66FD4CFCC582}.Debug|x64.Build.0 = Debug|iPhone
		{78E5D0FD-462D-42E7-954F-66FD4CFCC582}.Debug|x64.Deploy.0 = Debug|iPhone
		{78E5D0FD-462D-42E7-954F-66FD4CFCC582}.Debug|x86.ActiveCfg = Debug|iPhone
		{78E5D0FD-462D-42E7-954F-66FD4CFCC582}.Debug|x86.Build.0 = Debug|iPhone
		{78E5D0FD-462D-42E7-954F-66FD4CFCC582}.Debug|x86.Deploy.0 = Debug|iPhone
		{78E5D0FD-462D-42E7-954F-66FD4CFCC582}.Release|Any CPU.ActiveCfg = Release|iPhone
		{78E5D0FD-462D-42E7-954F-66FD4CFCC582}.Release|Any CPU.Build.0 = Release|iPhone
		{78E5D0FD-462D-42E7-954F-66FD4CFCC582}.Release|Any CPU.Deploy.0 = Release|iPhone
		{78E5D0FD-462D-42E7-954F-66FD4CFCC582}.Release|ARM.ActiveCfg = Release|iPhone
		{78E5D0FD-462D-42E7-954F-66FD4CFCC582}.Release|ARM.Build.0 = Release|iPhone
		{78E5D0FD-462D-42E7-954F-66FD4CFCC582}.Release|ARM.Deploy.0 = Release|iPhone
		{78E5D0FD-462D-42E7-954F-66FD4CFCC582}.Release|iPhone.ActiveCfg = Release|iPhone
		{78E5D0FD-462D-42E7-954F-66FD4CFCC582}.Release|iPhone.Build.0 = Release|iPhone
		{78E5D0FD-462D-42E7-954F-66FD4CFCC582}.Release|iPhone.Deploy.0 = Release|iPhone
		{78E5D0FD-462D-42E7-954F-66FD4CFCC582}.Release|iPhoneSimulator.ActiveCfg = Release|iPhoneSimulator
		{78E5D0FD-462D-42E7-954F-66FD4CFCC582}.Release|iPhoneSimulator.Build.0 = Release|iPhoneSimulator
		{78E5D0FD-462D-42E7-954F-66FD4CFCC582}.Release|iPhoneSimulator.Deploy.0 = Release|iPhoneSimulator
		{78E5D0FD-462D-42E7-954F-66FD4CFCC582}.Release|x64.ActiveCfg = Release|iPhone
		{78E5D0FD-462D-42E7-954F-66FD4CFCC582}.Release|x64.Build.0 = Release|iPhone
		{78E5D0FD-462D-42E7-954F-66FD4CFCC582}.Release|x64.Deploy.0 = Release|iPhone
		{78E5D0FD-462D-42E7-954F-66FD4CFCC582}.Release|x86.ActiveCfg = Release|iPhone
		{78E5D0FD-462D-42E7-954F-66FD4CFCC582}.Release|x86.Build.0 = Release|iPhone
		{78E5D0FD-462D-42E7-954F-66FD4CFCC582}.Release|x86.Deploy.0 = Release|iPhone
		{B7566966-3FBA-48CC-90F6-214D323B1B2A}.Ad-Hoc|Any CPU.ActiveCfg = Release|x86
		{B7566966-3FBA-48CC-90F6-214D323B1B2A}.Ad-Hoc|Any CPU.Build.0 = Release|x86
		{B7566966-3FBA-48CC-90F6-214D323B1B2A}.Ad-Hoc|Any CPU.Deploy.0 = Release|x86
		{B7566966-3FBA-48CC-90F6-214D323B1B2A}.Ad-Hoc|ARM.ActiveCfg = Release|ARM
		{B7566966-3FBA-48CC-90F6-214D323B1B2A}.Ad-Hoc|ARM.Build.0 = Release|ARM
		{B7566966-3FBA-48CC-90F6-214D323B1B2A}.Ad-Hoc|ARM.Deploy.0 = Release|ARM
		{B7566966-3FBA-48CC-90F6-214D323B1B2A}.Ad-Hoc|iPhone.ActiveCfg = Release|x86
		{B7566966-3FBA-48CC-90F6-214D323B1B2A}.Ad-Hoc|iPhone.Build.0 = Release|x86
		{B7566966-3FBA-48CC-90F6-214D323B1B2A}.Ad-Hoc|iPhone.Deploy.0 = Release|x86
		{B7566966-3FBA-48CC-90F6-214D323B1B2A}.Ad-Hoc|iPhoneSimulator.ActiveCfg = Release|x86
		{B7566966-3FBA-48CC-90F6-214D323B1B2A}.Ad-Hoc|iPhoneSimulator.Build.0 = Release|x86
		{B7566966-3FBA-48CC-90F6-214D323B1B2A}.Ad-Hoc|iPhoneSimulator.Deploy.0 = Release|x86
		{B7566966-3FBA-48CC-90F6-214D323B1B2A}.Ad-Hoc|x64.ActiveCfg = Release|x64
		{B7566966-3FBA-48CC-90F6-214D323B1B2A}.Ad-Hoc|x64.Build.0 = Release|x64
		{B7566966-3FBA-48CC-90F6-214D323B1B2A}.Ad-Hoc|x64.Deploy.0 = Release|x64
		{B7566966-3FBA-48CC-90F6-214D323B1B2A}.Ad-Hoc|x86.ActiveCfg = Release|x86
		{B7566966-3FBA-48CC-90F6-214D323B1B2A}.Ad-Hoc|x86.Build.0 = Release|x86
		{B7566966-3FBA-48CC-90F6-214D323B1B2A}.Ad-Hoc|x86.Deploy.0 = Release|x86
		{B7566966-3FBA-48CC-90F6-214D323B1B2A}.AppStore|Any CPU.ActiveCfg = Release|x86
		{B7566966-3FBA-48CC-90F6-214D323B1B2A}.AppStore|Any CPU.Build.0 = Release|x86
		{B7566966-3FBA-48CC-90F6-214D323B1B2A}.AppStore|Any CPU.Deploy.0 = Release|x86
		{B7566966-3FBA-48CC-90F6-214D323B1B2A}.AppStore|ARM.ActiveCfg = Release|ARM
		{B7566966-3FBA-48CC-90F6-214D323B1B2A}.AppStore|ARM.Build.0 = Release|ARM
		{B7566966-3FBA-48CC-90F6-214D323B1B2A}.AppStore|ARM.Deploy.0 = Release|ARM
		{B7566966-3FBA-48CC-90F6-214D323B1B2A}.AppStore|iPhone.ActiveCfg = Release|x86
		{B7566966-3FBA-48CC-90F6-214D323B1B2A}.AppStore|iPhone.Build.0 = Release|x86
		{B7566966-3FBA-48CC-90F6-214D323B1B2A}.AppStore|iPhone.Deploy.0 = Release|x86
		{B7566966-3FBA-48CC-90F6-214D323B1B2A}.AppStore|iPhoneSimulator.ActiveCfg = Release|x86
		{B7566966-3FBA-48CC-90F6-214D323B1B2A}.AppStore|iPhoneSimulator.Build.0 = Release|x86
		{B7566966-3FBA-48CC-90F6-214D323B1B2A}.AppStore|iPhoneSimulator.Deploy.0 = Release|x86
		{B7566966-3FBA-48CC-90F6-214D323B1B2A}.AppStore|x64.ActiveCfg = Release|x64
		{B7566966-3FBA-48CC-90F6-214D323B1B2A}.AppStore|x64.Build.0 = Release|x64
		{B7566966-3FBA-48CC-90F6-214D323B1B2A}.AppStore|x64.Deploy.0 = Release|x64
		{B7566966-3FBA-48CC-90F6-214D323B1B2A}.AppStore|x86.ActiveCfg = Release|x86
		{B7566966-3FBA-48CC-90F6-214D323B1B2A}.AppStore|x86.Build.0 = Release|x86
		{B7566966-3FBA-48CC-90F6-214D323B1B2A}.AppStore|x86.Deploy.0 = Release|x86
		{B7566966-3FBA-48CC-90F6-214D323B1B2A}.Debug|Any CPU.ActiveCfg = Debug|x86
		{B7566966-3FBA-48CC-90F6-214D323B1B2A}.Debug|Any CPU.Build.0 = Debug|x86
		{B7566966-3FBA-48CC-90F6-214D323B1B2A}.Debug|Any CPU.Deploy.0 = Debug|x86
		{B7566966-3FBA-48CC-90F6-214D323B1B2A}.Debug|ARM.ActiveCfg = Debug|ARM
		{B7566966-3FBA-48CC-90F6-214D323B1B2A}.Debug|ARM.Build.0 = Debug|ARM
		{B7566966-3FBA-48CC-90F6-214D323B1B2A}.Debug|ARM.Deploy.0 = Debug|ARM
		{B7566966-3FBA-48CC-90F6-214D323B1B2A}.Debug|iPhone.ActiveCfg = Debug|x86
		{B7566966-3FBA-48CC-90F6-214D323B1B2A}.Debug|iPhone.Build.0 = Debug|x86
		{B7566966-3FBA-48CC-90F6-214D323B1B2A}.Debug|iPhone.Deploy.0 = Debug|x86
		{B7566966-3FBA-48CC-90F6-214D323B1B2A}.Debug|iPhoneSimulator.ActiveCfg = Debug|x86
		{B7566966-3FBA-48CC-90F6-214D323B1B2A}.Debug|iPhoneSimulator.Build.0 = Debug|x86
		{B7566966-3FBA-48CC-90F6-214D323B1B2A}.Debug|iPhoneSimulator.Deploy.0 = Debug|x86
		{B7566966-3FBA-48CC-90F6-214D323B1B2A}.Debug|x64.ActiveCfg = Debug|x64
		{B7566966-3FBA-48CC-90F6-214D323B1B2A}.Debug|x64.Build.0 = Debug|x64
		{B7566966-3FBA-48CC-90F6-214D323B1B2A}.Debug|x64.Deploy.0 = Debug|x64
		{B7566966-3FBA-48CC-90F6-214D323B1B2A}.Debug|x86.ActiveCfg = Debug|x86
		{B7566966-3FBA-48CC-90F6-214D323B1B2A}.Debug|x86.Build.0 = Debug|x86
		{B7566966-3FBA-48CC-90F6-214D323B1B2A}.Debug|x86.Deploy.0 = Debug|x86
		{B7566966-3FBA-48CC-90F6-214D323B1B2A}.Release|Any CPU.ActiveCfg = Release|x86
		{B7566966-3FBA-48CC-90F6-214D323B1B2A}.Release|Any CPU.Build.0 = Release|x86
		{B7566966-3FBA-48CC-90F6-214D323B1B2A}.Release|Any CPU.Deploy.0 = Release|x86
		{B7566966-3FBA-48CC-90F6-214D323B1B2A}.Release|ARM.ActiveCfg = Release|ARM
		{B7566966-3FBA-48CC-90F6-214D323B1B2A}.Release|ARM.Build.0 = Release|ARM
		{B7566966-3FBA-48CC-90F6-214D323B1B2A}.Release|ARM.Deploy.0 = Release|ARM
		{B7566966-3FBA-48CC-90F6-214D323B1B2A}.Release|iPhone.ActiveCfg = Release|x86
		{B7566966-3FBA-48CC-90F6-214D323B1B2A}.Release|iPhone.Build.0 = Release|x86
		{B7566966-3FBA-48CC-90F6-214D323B1B2A}.Release|iPhone.Deploy.0 = Release|x86
		{B7566966-3FBA-48CC-90F6-214D323B1B2A}.Release|iPhoneSimulator.ActiveCfg = Release|x86
		{B7566966-3FBA-48CC-90F6-214D323B1B2A}.Release|iPhoneSimulator.Build.0 = Release|x86
		{B7566966-3FBA-48CC-90F6-214D323B1B2A}.Release|iPhoneSimulator.Deploy.0 = Release|x86
		{B7566966-3FBA-48CC-90F6-214D323B1B2A}.Release|x64.ActiveCfg = Release|x64
		{B7566966-3FBA-48CC-90F6-214D323B1B2A}.Release|x64.Build.0 = Release|x64
		{B7566966-3FBA-48CC-90F6-214D323B1B2A}.Release|x64.Deploy.0 = Release|x64
		{B7566966-3FBA-48CC-90F6-214D323B1B2A}.Release|x86.ActiveCfg = Release|x86
		{B7566966-3FBA-48CC-90F6-214D323B1B2A}.Release|x86.Build.0 = Release|x86
		{B7566966-3FBA-48CC-90F6-214D323B1B2A}.Release|x86.Deploy.0 = Release|x86
		{89AC0FDC-7915-4A81-B280-D988F065BE27}.Ad-Hoc|Any CPU.ActiveCfg = Debug|Any CPU
		{89AC0FDC-7915-4A81-B280-D988F065BE27}.Ad-Hoc|Any CPU.Build.0 = Debug|Any CPU
		{89AC0FDC-7915-4A81-B280-D988F065BE27}.Ad-Hoc|ARM.ActiveCfg = Debug|Any CPU
		{89AC0FDC-7915-4A81-B280-D988F065BE27}.Ad-Hoc|ARM.Build.0 = Debug|Any CPU
		{89AC0FDC-7915-4A81-B280-D988F065BE27}.Ad-Hoc|iPhone.ActiveCfg = Debug|Any CPU
		{89AC0FDC-7915-4A81-B280-D988F065BE27}.Ad-Hoc|iPhone.Build.0 = Debug|Any CPU
		{89AC0FDC-7915-4A81-B280-D988F065BE27}.Ad-Hoc|iPhoneSimulator.ActiveCfg = Debug|Any CPU
		{89AC0FDC-7915-4A81-B280-D988F065BE27}.Ad-Hoc|iPhoneSimulator.Build.0 = Debug|Any CPU
		{89AC0FDC-7915-4A81-B280-D988F065BE27}.Ad-Hoc|x64.ActiveCfg = Debug|Any CPU
		{89AC0FDC-7915-4A81-B280-D988F065BE27}.Ad-Hoc|x64.Build.0 = Debug|Any CPU
		{89AC0FDC-7915-4A81-B280-D988F065BE27}.Ad-Hoc|x86.ActiveCfg = Debug|Any CPU
		{89AC0FDC-7915-4A81-B280-D988F065BE27}.Ad-Hoc|x86.Build.0 = Debug|Any CPU
		{89AC0FDC-7915-4A81-B280-D988F065BE27}.AppStore|Any CPU.ActiveCfg = Debug|Any CPU
		{89AC0FDC-7915-4A81-B280-D988F065BE27}.AppStore|Any CPU.Build.0 = Debug|Any CPU
		{89AC0FDC-7915-4A81-B280-D988F065BE27}.AppStore|ARM.ActiveCfg = Debug|Any CPU
		{89AC0FDC-7915-4A81-B280-D988F065BE27}.AppStore|ARM.Build.0 = Debug|Any CPU
		{89AC0FDC-7915-4A81-B280-D988F065BE27}.AppStore|iPhone.ActiveCfg = Debug|Any CPU
		{89AC0FDC-7915-4A81-B280-D988F065BE27}.AppStore|iPhone.Build.0 = Debug|Any CPU
		{89AC0FDC-7915-4A81-B280-D988F065BE27}.AppStore|iPhoneSimulator.ActiveCfg = Debug|Any CPU
		{89AC0FDC-7915-4A81-B280-D988F065BE27}.AppStore|iPhoneSimulator.Build.0 = Debug|Any CPU
		{89AC0FDC-7915-4A81-B280-D988F065BE27}.AppStore|x64.ActiveCfg = Debug|Any CPU
		{89AC0FDC-7915-4A81-B280-D988F065BE27}.AppStore|x64.Build.0 = Debug|Any CPU
		{89AC0FDC-7915-4A81-B280-D988F065BE27}.AppStore|x86.ActiveCfg = Debug|Any CPU
		{89AC0FDC-7915-4A81-B280-D988F065BE27}.AppStore|x86.Build.0 = Debug|Any CPU
		{89AC0FDC-7915-4A81-B280-D988F065BE27}.Debug|Any CPU.ActiveCfg = Debug|Any CPU
		{89AC0FDC-7915-4A81-B280-D988F065BE27}.Debug|Any CPU.Build.0 = Debug|Any CPU
		{89AC0FDC-7915-4A81-B280-D988F065BE27}.Debug|ARM.ActiveCfg = Debug|Any CPU
		{89AC0FDC-7915-4A81-B280-D988F065BE27}.Debug|ARM.Build.0 = Debug|Any CPU
		{89AC0FDC-7915-4A81-B280-D988F065BE27}.Debug|iPhone.ActiveCfg = Debug|Any CPU
		{89AC0FDC-7915-4A81-B280-D988F065BE27}.Debug|iPhone.Build.0 = Debug|Any CPU
		{89AC0FDC-7915-4A81-B280-D988F065BE27}.Debug|iPhoneSimulator.ActiveCfg = Debug|Any CPU
		{89AC0FDC-7915-4A81-B280-D988F065BE27}.Debug|iPhoneSimulator.Build.0 = Debug|Any CPU
		{89AC0FDC-7915-4A81-B280-D988F065BE27}.Debug|x64.ActiveCfg = Debug|Any CPU
		{89AC0FDC-7915-4A81-B280-D988F065BE27}.Debug|x64.Build.0 = Debug|Any CPU
		{89AC0FDC-7915-4A81-B280-D988F065BE27}.Debug|x86.ActiveCfg = Debug|Any CPU
		{89AC0FDC-7915-4A81-B280-D988F065BE27}.Debug|x86.Build.0 = Debug|Any CPU
		{89AC0FDC-7915-4A81-B280-D988F065BE27}.Release|Any CPU.ActiveCfg = Release|Any CPU
		{89AC0FDC-7915-4A81-B280-D988F065BE27}.Release|Any CPU.Build.0 = Release|Any CPU
		{89AC0FDC-7915-4A81-B280-D988F065BE27}.Release|ARM.ActiveCfg = Release|Any CPU
		{89AC0FDC-7915-4A81-B280-D988F065BE27}.Release|ARM.Build.0 = Release|Any CPU
		{89AC0FDC-7915-4A81-B280-D988F065BE27}.Release|iPhone.ActiveCfg = Release|Any CPU
		{89AC0FDC-7915-4A81-B280-D988F065BE27}.Release|iPhone.Build.0 = Release|Any CPU
		{89AC0FDC-7915-4A81-B280-D988F065BE27}.Release|iPhoneSimulator.ActiveCfg = Release|Any CPU
		{89AC0FDC-7915-4A81-B280-D988F065BE27}.Release|iPhoneSimulator.Build.0 = Release|Any CPU
		{89AC0FDC-7915-4A81-B280-D988F065BE27}.Release|x64.ActiveCfg = Release|Any CPU
		{89AC0FDC-7915-4A81-B280-D988F065BE27}.Release|x64.Build.0 = Release|Any CPU
		{89AC0FDC-7915-4A81-B280-D988F065BE27}.Release|x86.ActiveCfg = Release|Any CPU
		{89AC0FDC-7915-4A81-B280-D988F065BE27}.Release|x86.Build.0 = Release|Any CPU
	EndGlobalSection
	GlobalSection(SolutionProperties) = preSolution
		HideSolutionNode = FALSE
	EndGlobalSection
	GlobalSection(ExtensibilityGlobals) = postSolution
		SolutionGuid = {2D18665F-FEAB-42E9-908C-9F838ACC2A85}
	EndGlobalSection
EndGlobal
